
Microsoft Visual Studio Solution File, Format Version 12.00
# Visual Studio 15
VisualStudioVersion = 15.0.28307.489
MinimumVisualStudioVersion = 10.0.40219.1
Project("{9A19103F-16F7-4668-BE54-9A1E7A4F7556}") = "Xbim.Common", "Xbim.Common\Xbim.Common.csproj", "{5630F1EF-5046-48B3-8C31-2CF6B6EAD259}"
EndProject
Project("{9A19103F-16F7-4668-BE54-9A1E7A4F7556}") = "Xbim.Ifc4", "Xbim.Ifc4\Xbim.Ifc4.csproj", "{CC0E0445-3D6D-4D22-8643-7FC1FA9EBFBB}"
EndProject
Project("{9A19103F-16F7-4668-BE54-9A1E7A4F7556}") = "Xbim.Ifc2x3", "Xbim.Ifc2x3\Xbim.Ifc2x3.csproj", "{3B9798BC-7EC0-4D49-89B7-8AB3C4CFC204}"
EndProject
Project("{9A19103F-16F7-4668-BE54-9A1E7A4F7556}") = "Xbim.IO.MemoryModel", "Xbim.IO.MemoryModel\Xbim.IO.MemoryModel.csproj", "{6F1D2FD0-6E87-4F3B-AA98-E014A7F0EF4B}"
EndProject
Project("{9A19103F-16F7-4668-BE54-9A1E7A4F7556}") = "Xbim.Ifc", "Xbim.Ifc\Xbim.Ifc.csproj", "{3096232A-C3FC-4C86-B3B9-F3047296F4CB}"
EndProject
Project("{9A19103F-16F7-4668-BE54-9A1E7A4F7556}") = "Xbim.Tessellator", "Xbim.Tessellator\Xbim.Tessellator.csproj", "{89ADB214-78FF-4794-B84B-BAAF6D8DC0C4}"
EndProject
Project("{9A19103F-16F7-4668-BE54-9A1E7A4F7556}") = "Xbim.IO.Esent", "Xbim.IO.Esent\Xbim.IO.Esent.csproj", "{880C24EA-2778-4986-B652-6AAF94994EB5}"
EndProject
Project("{8BC9CEB8-8B4A-11D0-8D11-00A0C91BC942}") = "Xbim.Geometry.Engine", "Xbim.Geometry.Engine\Xbim.Geometry.Engine.vcxproj", "{DEFB2CD3-B35F-450A-A829-D3FE50CFC19A}"
EndProject
Project("{9A19103F-16F7-4668-BE54-9A1E7A4F7556}") = "Xbim.Geometry.Engine.Interop", "Xbim.Geometry.Engine.Interop\Xbim.Geometry.Engine.Interop.csproj", "{A1C371D3-8E8B-4679-B700-CBB20DAF5DAD}"
EndProject
Project("{9A19103F-16F7-4668-BE54-9A1E7A4F7556}") = "Xbim.ModelGeometry.Scene", "Xbim.ModelGeometry.Scene\Xbim.ModelGeometry.Scene.csproj", "{BF1B4090-4105-402E-962B-43B8F0CE30CE}"
EndProject
Project("{9A19103F-16F7-4668-BE54-9A1E7A4F7556}") = "Xbim.Presentation", "Xbim.Presentation\Xbim.Presentation.csproj", "{27AD1B00-C49C-4326-8D37-A36AB414C7DC}"
EndProject
Project("{9A19103F-16F7-4668-BE54-9A1E7A4F7556}") = "XbimXplorer", "XbimXplorer\XbimXplorer.csproj", "{122203E0-FCB8-4B17-8A0C-831EA89CEAE1}"
EndProject
Project("{FAE04EC0-301F-11D3-BF4B-00C04F79EFBC}") = "GetGeometry", "GetGeometry\GetGeometry.csproj", "{5DEBC6BF-74A3-4BAC-842C-29C28E3CB0A0}"
EndProject
Global
	GlobalSection(SolutionConfigurationPlatforms) = preSolution
		Debug|Any CPU = Debug|Any CPU
		Debug|x64 = Debug|x64
		Debug|x86 = Debug|x86
		Release|Any CPU = Release|Any CPU
		Release|x64 = Release|x64
		Release|x86 = Release|x86
	EndGlobalSection
	GlobalSection(ProjectConfigurationPlatforms) = postSolution
		{5630F1EF-5046-48B3-8C31-2CF6B6EAD259}.Debug|Any CPU.ActiveCfg = Debug|Any CPU
		{5630F1EF-5046-48B3-8C31-2CF6B6EAD259}.Debug|Any CPU.Build.0 = Debug|Any CPU
		{5630F1EF-5046-48B3-8C31-2CF6B6EAD259}.Debug|x64.ActiveCfg = Debug|Any CPU
		{5630F1EF-5046-48B3-8C31-2CF6B6EAD259}.Debug|x64.Build.0 = Debug|Any CPU
		{5630F1EF-5046-48B3-8C31-2CF6B6EAD259}.Debug|x86.ActiveCfg = Debug|Any CPU
		{5630F1EF-5046-48B3-8C31-2CF6B6EAD259}.Debug|x86.Build.0 = Debug|Any CPU
		{5630F1EF-5046-48B3-8C31-2CF6B6EAD259}.Release|Any CPU.ActiveCfg = Release|Any CPU
		{5630F1EF-5046-48B3-8C31-2CF6B6EAD259}.Release|Any CPU.Build.0 = Release|Any CPU
		{5630F1EF-5046-48B3-8C31-2CF6B6EAD259}.Release|x64.ActiveCfg = Release|Any CPU
		{5630F1EF-5046-48B3-8C31-2CF6B6EAD259}.Release|x64.Build.0 = Release|Any CPU
		{5630F1EF-5046-48B3-8C31-2CF6B6EAD259}.Release|x86.ActiveCfg = Release|Any CPU
		{5630F1EF-5046-48B3-8C31-2CF6B6EAD259}.Release|x86.Build.0 = Release|Any CPU
		{CC0E0445-3D6D-4D22-8643-7FC1FA9EBFBB}.Debug|Any CPU.ActiveCfg = Debug|Any CPU
		{CC0E0445-3D6D-4D22-8643-7FC1FA9EBFBB}.Debug|Any CPU.Build.0 = Debug|Any CPU
		{CC0E0445-3D6D-4D22-8643-7FC1FA9EBFBB}.Debug|x64.ActiveCfg = Debug|Any CPU
		{CC0E0445-3D6D-4D22-8643-7FC1FA9EBFBB}.Debug|x64.Build.0 = Debug|Any CPU
		{CC0E0445-3D6D-4D22-8643-7FC1FA9EBFBB}.Debug|x86.ActiveCfg = Debug|Any CPU
		{CC0E0445-3D6D-4D22-8643-7FC1FA9EBFBB}.Debug|x86.Build.0 = Debug|Any CPU
		{CC0E0445-3D6D-4D22-8643-7FC1FA9EBFBB}.Release|Any CPU.ActiveCfg = Release|Any CPU
		{CC0E0445-3D6D-4D22-8643-7FC1FA9EBFBB}.Release|Any CPU.Build.0 = Release|Any CPU
		{CC0E0445-3D6D-4D22-8643-7FC1FA9EBFBB}.Release|x64.ActiveCfg = Release|Any CPU
		{CC0E0445-3D6D-4D22-8643-7FC1FA9EBFBB}.Release|x64.Build.0 = Release|Any CPU
		{CC0E0445-3D6D-4D22-8643-7FC1FA9EBFBB}.Release|x86.ActiveCfg = Release|Any CPU
		{CC0E0445-3D6D-4D22-8643-7FC1FA9EBFBB}.Release|x86.Build.0 = Release|Any CPU
		{3B9798BC-7EC0-4D49-89B7-8AB3C4CFC204}.Debug|Any CPU.ActiveCfg = Debug|Any CPU
		{3B9798BC-7EC0-4D49-89B7-8AB3C4CFC204}.Debug|Any CPU.Build.0 = Debug|Any CPU
		{3B9798BC-7EC0-4D49-89B7-8AB3C4CFC204}.Debug|x64.ActiveCfg = Debug|Any CPU
		{3B9798BC-7EC0-4D49-89B7-8AB3C4CFC204}.Debug|x64.Build.0 = Debug|Any CPU
		{3B9798BC-7EC0-4D49-89B7-8AB3C4CFC204}.Debug|x86.ActiveCfg = Debug|Any CPU
		{3B9798BC-7EC0-4D49-89B7-8AB3C4CFC204}.Debug|x86.Build.0 = Debug|Any CPU
		{3B9798BC-7EC0-4D49-89B7-8AB3C4CFC204}.Release|Any CPU.ActiveCfg = Release|Any CPU
		{3B9798BC-7EC0-4D49-89B7-8AB3C4CFC204}.Release|Any CPU.Build.0 = Release|Any CPU
		{3B9798BC-7EC0-4D49-89B7-8AB3C4CFC204}.Release|x64.ActiveCfg = Release|Any CPU
		{3B9798BC-7EC0-4D49-89B7-8AB3C4CFC204}.Release|x64.Build.0 = Release|Any CPU
		{3B9798BC-7EC0-4D49-89B7-8AB3C4CFC204}.Release|x86.ActiveCfg = Release|Any CPU
		{3B9798BC-7EC0-4D49-89B7-8AB3C4CFC204}.Release|x86.Build.0 = Release|Any CPU
		{6F1D2FD0-6E87-4F3B-AA98-E014A7F0EF4B}.Debug|Any CPU.ActiveCfg = Debug|Any CPU
		{6F1D2FD0-6E87-4F3B-AA98-E014A7F0EF4B}.Debug|Any CPU.Build.0 = Debug|Any CPU
		{6F1D2FD0-6E87-4F3B-AA98-E014A7F0EF4B}.Debug|x64.ActiveCfg = Debug|Any CPU
		{6F1D2FD0-6E87-4F3B-AA98-E014A7F0EF4B}.Debug|x64.Build.0 = Debug|Any CPU
		{6F1D2FD0-6E87-4F3B-AA98-E014A7F0EF4B}.Debug|x86.ActiveCfg = Debug|Any CPU
		{6F1D2FD0-6E87-4F3B-AA98-E014A7F0EF4B}.Debug|x86.Build.0 = Debug|Any CPU
		{6F1D2FD0-6E87-4F3B-AA98-E014A7F0EF4B}.Release|Any CPU.ActiveCfg = Release|Any CPU
		{6F1D2FD0-6E87-4F3B-AA98-E014A7F0EF4B}.Release|Any CPU.Build.0 = Release|Any CPU
		{6F1D2FD0-6E87-4F3B-AA98-E014A7F0EF4B}.Release|x64.ActiveCfg = Release|Any CPU
		{6F1D2FD0-6E87-4F3B-AA98-E014A7F0EF4B}.Release|x64.Build.0 = Release|Any CPU
		{6F1D2FD0-6E87-4F3B-AA98-E014A7F0EF4B}.Release|x86.ActiveCfg = Release|Any CPU
		{6F1D2FD0-6E87-4F3B-AA98-E014A7F0EF4B}.Release|x86.Build.0 = Release|Any CPU
		{3096232A-C3FC-4C86-B3B9-F3047296F4CB}.Debug|Any CPU.ActiveCfg = Debug|Any CPU
		{3096232A-C3FC-4C86-B3B9-F3047296F4CB}.Debug|Any CPU.Build.0 = Debug|Any CPU
		{3096232A-C3FC-4C86-B3B9-F3047296F4CB}.Debug|x64.ActiveCfg = Debug|Any CPU
		{3096232A-C3FC-4C86-B3B9-F3047296F4CB}.Debug|x64.Build.0 = Debug|Any CPU
		{3096232A-C3FC-4C86-B3B9-F3047296F4CB}.Debug|x86.ActiveCfg = Debug|Any CPU
		{3096232A-C3FC-4C86-B3B9-F3047296F4CB}.Debug|x86.Build.0 = Debug|Any CPU
		{3096232A-C3FC-4C86-B3B9-F3047296F4CB}.Release|Any CPU.ActiveCfg = Release|Any CPU
		{3096232A-C3FC-4C86-B3B9-F3047296F4CB}.Release|Any CPU.Build.0 = Release|Any CPU
		{3096232A-C3FC-4C86-B3B9-F3047296F4CB}.Release|x64.ActiveCfg = Release|Any CPU
		{3096232A-C3FC-4C86-B3B9-F3047296F4CB}.Release|x64.Build.0 = Release|Any CPU
		{3096232A-C3FC-4C86-B3B9-F3047296F4CB}.Release|x86.ActiveCfg = Release|Any CPU
		{3096232A-C3FC-4C86-B3B9-F3047296F4CB}.Release|x86.Build.0 = Release|Any CPU
		{89ADB214-78FF-4794-B84B-BAAF6D8DC0C4}.Debug|Any CPU.ActiveCfg = Debug|Any CPU
		{89ADB214-78FF-4794-B84B-BAAF6D8DC0C4}.Debug|Any CPU.Build.0 = Debug|Any CPU
		{89ADB214-78FF-4794-B84B-BAAF6D8DC0C4}.Debug|x64.ActiveCfg = Debug|Any CPU
		{89ADB214-78FF-4794-B84B-BAAF6D8DC0C4}.Debug|x64.Build.0 = Debug|Any CPU
		{89ADB214-78FF-4794-B84B-BAAF6D8DC0C4}.Debug|x86.ActiveCfg = Debug|Any CPU
		{89ADB214-78FF-4794-B84B-BAAF6D8DC0C4}.Debug|x86.Build.0 = Debug|Any CPU
		{89ADB214-78FF-4794-B84B-BAAF6D8DC0C4}.Release|Any CPU.ActiveCfg = Release|Any CPU
		{89ADB214-78FF-4794-B84B-BAAF6D8DC0C4}.Release|Any CPU.Build.0 = Release|Any CPU
		{89ADB214-78FF-4794-B84B-BAAF6D8DC0C4}.Release|x64.ActiveCfg = Release|Any CPU
		{89ADB214-78FF-4794-B84B-BAAF6D8DC0C4}.Release|x64.Build.0 = Release|Any CPU
		{89ADB214-78FF-4794-B84B-BAAF6D8DC0C4}.Release|x86.ActiveCfg = Release|Any CPU
		{89ADB214-78FF-4794-B84B-BAAF6D8DC0C4}.Release|x86.Build.0 = Release|Any CPU
		{880C24EA-2778-4986-B652-6AAF94994EB5}.Debug|Any CPU.ActiveCfg = Debug|Any CPU
		{880C24EA-2778-4986-B652-6AAF94994EB5}.Debug|Any CPU.Build.0 = Debug|Any CPU
		{880C24EA-2778-4986-B652-6AAF94994EB5}.Debug|x64.ActiveCfg = Debug|Any CPU
		{880C24EA-2778-4986-B652-6AAF94994EB5}.Debug|x64.Build.0 = Debug|Any CPU
		{880C24EA-2778-4986-B652-6AAF94994EB5}.Debug|x86.ActiveCfg = Debug|Any CPU
		{880C24EA-2778-4986-B652-6AAF94994EB5}.Debug|x86.Build.0 = Debug|Any CPU
		{880C24EA-2778-4986-B652-6AAF94994EB5}.Release|Any CPU.ActiveCfg = Release|Any CPU
		{880C24EA-2778-4986-B652-6AAF94994EB5}.Release|Any CPU.Build.0 = Release|Any CPU
		{880C24EA-2778-4986-B652-6AAF94994EB5}.Release|x64.ActiveCfg = Release|Any CPU
		{880C24EA-2778-4986-B652-6AAF94994EB5}.Release|x64.Build.0 = Release|Any CPU
		{880C24EA-2778-4986-B652-6AAF94994EB5}.Release|x86.ActiveCfg = Release|Any CPU
		{880C24EA-2778-4986-B652-6AAF94994EB5}.Release|x86.Build.0 = Release|Any CPU
		{DEFB2CD3-B35F-450A-A829-D3FE50CFC19A}.Debug|Any CPU.ActiveCfg = Debug|Win32
		{DEFB2CD3-B35F-450A-A829-D3FE50CFC19A}.Debug|x64.ActiveCfg = Debug|x64
		{DEFB2CD3-B35F-450A-A829-D3FE50CFC19A}.Debug|x64.Build.0 = Debug|x64
		{DEFB2CD3-B35F-450A-A829-D3FE50CFC19A}.Debug|x86.ActiveCfg = Debug|Win32
		{DEFB2CD3-B35F-450A-A829-D3FE50CFC19A}.Debug|x86.Build.0 = Debug|Win32
		{DEFB2CD3-B35F-450A-A829-D3FE50CFC19A}.Release|Any CPU.ActiveCfg = Release|Win32
		{DEFB2CD3-B35F-450A-A829-D3FE50CFC19A}.Release|x64.ActiveCfg = Release|x64
		{DEFB2CD3-B35F-450A-A829-D3FE50CFC19A}.Release|x64.Build.0 = Release|x64
		{DEFB2CD3-B35F-450A-A829-D3FE50CFC19A}.Release|x86.ActiveCfg = Release|Win32
		{DEFB2CD3-B35F-450A-A829-D3FE50CFC19A}.Release|x86.Build.0 = Release|Win32
		{A1C371D3-8E8B-4679-B700-CBB20DAF5DAD}.Debug|Any CPU.ActiveCfg = Debug|Any CPU
		{A1C371D3-8E8B-4679-B700-CBB20DAF5DAD}.Debug|x64.ActiveCfg = Debug|Any CPU
		{A1C371D3-8E8B-4679-B700-CBB20DAF5DAD}.Debug|x64.Build.0 = Debug|Any CPU
		{A1C371D3-8E8B-4679-B700-CBB20DAF5DAD}.Debug|x86.ActiveCfg = Debug|Any CPU
		{A1C371D3-8E8B-4679-B700-CBB20DAF5DAD}.Debug|x86.Build.0 = Debug|Any CPU
		{A1C371D3-8E8B-4679-B700-CBB20DAF5DAD}.Release|Any CPU.ActiveCfg = Release|Any CPU
		{A1C371D3-8E8B-4679-B700-CBB20DAF5DAD}.Release|Any CPU.Build.0 = Release|Any CPU
		{A1C371D3-8E8B-4679-B700-CBB20DAF5DAD}.Release|x64.ActiveCfg = Release|Any CPU
		{A1C371D3-8E8B-4679-B700-CBB20DAF5DAD}.Release|x64.Build.0 = Release|Any CPU
		{A1C371D3-8E8B-4679-B700-CBB20DAF5DAD}.Release|x86.ActiveCfg = Release|Any CPU
		{A1C371D3-8E8B-4679-B700-CBB20DAF5DAD}.Release|x86.Build.0 = Release|Any CPU
		{BF1B4090-4105-402E-962B-43B8F0CE30CE}.Debug|Any CPU.ActiveCfg = Debug|Any CPU
		{BF1B4090-4105-402E-962B-43B8F0CE30CE}.Debug|x64.ActiveCfg = Debug|Any CPU
		{BF1B4090-4105-402E-962B-43B8F0CE30CE}.Debug|x64.Build.0 = Debug|Any CPU
		{BF1B4090-4105-402E-962B-43B8F0CE30CE}.Debug|x86.ActiveCfg = Debug|Any CPU
		{BF1B4090-4105-402E-962B-43B8F0CE30CE}.Debug|x86.Build.0 = Debug|Any CPU
		{BF1B4090-4105-402E-962B-43B8F0CE30CE}.Release|Any CPU.ActiveCfg = Release|Any CPU
		{BF1B4090-4105-402E-962B-43B8F0CE30CE}.Release|Any CPU.Build.0 = Release|Any CPU
		{BF1B4090-4105-402E-962B-43B8F0CE30CE}.Release|x64.ActiveCfg = Release|Any CPU
		{BF1B4090-4105-402E-962B-43B8F0CE30CE}.Release|x64.Build.0 = Release|Any CPU
		{BF1B4090-4105-402E-962B-43B8F0CE30CE}.Release|x86.ActiveCfg = Release|Any CPU
		{BF1B4090-4105-402E-962B-43B8F0CE30CE}.Release|x86.Build.0 = Release|Any CPU
		{27AD1B00-C49C-4326-8D37-A36AB414C7DC}.Debug|Any CPU.ActiveCfg = Debug|Any CPU
		{27AD1B00-C49C-4326-8D37-A36AB414C7DC}.Debug|Any CPU.Build.0 = Debug|Any CPU
		{27AD1B00-C49C-4326-8D37-A36AB414C7DC}.Debug|x64.ActiveCfg = Debug|Any CPU
		{27AD1B00-C49C-4326-8D37-A36AB414C7DC}.Debug|x64.Build.0 = Debug|Any CPU
		{27AD1B00-C49C-4326-8D37-A36AB414C7DC}.Debug|x86.ActiveCfg = Debug|Any CPU
		{27AD1B00-C49C-4326-8D37-A36AB414C7DC}.Debug|x86.Build.0 = Debug|Any CPU
		{27AD1B00-C49C-4326-8D37-A36AB414C7DC}.Release|Any CPU.ActiveCfg = Release|Any CPU
		{27AD1B00-C49C-4326-8D37-A36AB414C7DC}.Release|Any CPU.Build.0 = Release|Any CPU
		{27AD1B00-C49C-4326-8D37-A36AB414C7DC}.Release|x64.ActiveCfg = Release|Any CPU
		{27AD1B00-C49C-4326-8D37-A36AB414C7DC}.Release|x64.Build.0 = Release|Any CPU
		{27AD1B00-C49C-4326-8D37-A36AB414C7DC}.Release|x86.ActiveCfg = Release|Any CPU
		{27AD1B00-C49C-4326-8D37-A36AB414C7DC}.Release|x86.Build.0 = Release|Any CPU
		{122203E0-FCB8-4B17-8A0C-831EA89CEAE1}.Debug|Any CPU.ActiveCfg = Debug|Any CPU
		{122203E0-FCB8-4B17-8A0C-831EA89CEAE1}.Debug|Any CPU.Build.0 = Debug|Any CPU
		{122203E0-FCB8-4B17-8A0C-831EA89CEAE1}.Debug|x64.ActiveCfg = Debug|Any CPU
		{122203E0-FCB8-4B17-8A0C-831EA89CEAE1}.Debug|x64.Build.0 = Debug|Any CPU
		{122203E0-FCB8-4B17-8A0C-831EA89CEAE1}.Debug|x86.ActiveCfg = Debug|Any CPU
		{122203E0-FCB8-4B17-8A0C-831EA89CEAE1}.Debug|x86.Build.0 = Debug|Any CPU
		{122203E0-FCB8-4B17-8A0C-831EA89CEAE1}.Release|Any CPU.ActiveCfg = Release|Any CPU
		{122203E0-FCB8-4B17-8A0C-831EA89CEAE1}.Release|Any CPU.Build.0 = Release|Any CPU
		{122203E0-FCB8-4B17-8A0C-831EA89CEAE1}.Release|x64.ActiveCfg = Release|Any CPU
		{122203E0-FCB8-4B17-8A0C-831EA89CEAE1}.Release|x64.Build.0 = Release|Any CPU
		{122203E0-FCB8-4B17-8A0C-831EA89CEAE1}.Release|x86.ActiveCfg = Release|Any CPU
		{122203E0-FCB8-4B17-8A0C-831EA89CEAE1}.Release|x86.Build.0 = Release|Any CPU
		{5DEBC6BF-74A3-4BAC-842C-29C28E3CB0A0}.Debug|Any CPU.ActiveCfg = Debug|Any CPU
		{5DEBC6BF-74A3-4BAC-842C-29C28E3CB0A0}.Debug|Any CPU.Build.0 = Debug|Any CPU
		{5DEBC6BF-74A3-4BAC-842C-29C28E3CB0A0}.Debug|x64.ActiveCfg = Debug|Any CPU
		{5DEBC6BF-74A3-4BAC-842C-29C28E3CB0A0}.Debug|x64.Build.0 = Debug|Any CPU
		{5DEBC6BF-74A3-4BAC-842C-29C28E3CB0A0}.Debug|x86.ActiveCfg = Debug|Any CPU
		{5DEBC6BF-74A3-4BAC-842C-29C28E3CB0A0}.Debug|x86.Build.0 = Debug|Any CPU
		{5DEBC6BF-74A3-4BAC-842C-29C28E3CB0A0}.Release|Any CPU.ActiveCfg = Release|Any CPU
		{5DEBC6BF-74A3-4BAC-842C-29C28E3CB0A0}.Release|Any CPU.Build.0 = Release|Any CPU
		{5DEBC6BF-74A3-4BAC-842C-29C28E3CB0A0}.Release|x64.ActiveCfg = Release|Any CPU
		{5DEBC6BF-74A3-4BAC-842C-29C28E3CB0A0}.Release|x64.Build.0 = Release|Any CPU
		{5DEBC6BF-74A3-4BAC-842C-29C28E3CB0A0}.Release|x86.ActiveCfg = Release|Any CPU
		{5DEBC6BF-74A3-4BAC-842C-29C28E3CB0A0}.Release|x86.Build.0 = Release|Any CPU
	EndGlobalSection
	GlobalSection(SolutionProperties) = preSolution
		HideSolutionNode = FALSE
	EndGlobalSection
	GlobalSection(ExtensibilityGlobals) = postSolution
		SolutionGuid = {9465FEC7-34F0-48F5-8FCA-FC0EA3864FFF}
	EndGlobalSection
EndGlobal
